<?xml version="1.0" encoding="utf-8"?>
<Project ToolsVersion="4.0" xmlns="http://schemas.microsoft.com/developer/msbuild/2003">
  <ItemGroup>
    <Filter Include="Source Files">
      <UniqueIdentifier>{4FC737F1-C7A5-4376-A066-2A32D752A2FF}</UniqueIdentifier>
      <Extensions>cpp;c;cc;cxx;c++;cppm;ixx;def;odl;idl;hpj;bat;asm;asmx</Extensions>
    </Filter>
    <Filter Include="Header Files">
      <UniqueIdentifier>{93995380-89BD-4b04-88EB-625FBE52EBFB}</UniqueIdentifier>
      <Extensions>h;hh;hpp;hxx;h++;hm;inl;inc;ipp;xsd</Extensions>
    </Filter>
    <Filter Include="Resource Files">
      <UniqueIdentifier>{67DA6AB6-F800-4c08-8B7A-83BB121AAD01}</UniqueIdentifier>
      <Extensions>rc;ico;cur;bmp;dlg;rc2;rct;bin;rgs;gif;jpg;jpeg;jpe;resx;tiff;tif;png;wav;mfcribbon-ms</Extensions>
    </Filter>
    <Filter Include="Source Files\Math">
      <UniqueIdentifier>{f98a8ab8-1eed-43fd-8f9a-66653e75c302}</UniqueIdentifier>
    </Filter>
    <Filter Include="Source Files\Math\Test">
      <UniqueIdentifier>{ef1a8107-591e-4378-94ee-f04ccb506bdc}</UniqueIdentifier>
    </Filter>
    <Filter Include="Source Files\Object">
      <UniqueIdentifier>{cba265f7-60df-424c-9049-f284a9b05643}</UniqueIdentifier>
    </Filter>
  </ItemGroup>
  <ItemGroup>
    <None Include=".gitignore" />
    <None Include="README.md" />
  </ItemGroup>
  <ItemGroup>
    <ClCompile Include="src\main.cpp">
      <Filter>Source Files</Filter>
    </ClCompile>
    <ClCompile Include="src\Math\Matrix.cpp">
      <Filter>Source Files\Math</Filter>
    </ClCompile>
    <ClCompile Include="src\Math\Vector.cpp">
      <Filter>Source Files\Math</Filter>
    </ClCompile>
    <ClCompile Include="src\Object\Object.cpp">
      <Filter>Source Files\Object</Filter>
    </ClCompile>
    <ClCompile Include="src\Object\Ball.cpp">
      <Filter>Source Files\Object</Filter>
    </ClCompile>
    <ClCompile Include="src\Math\Point.cpp">
      <Filter>Source Files\Math</Filter>
    </ClCompile>
  </ItemGroup>
  <ItemGroup>
    <ClInclude Include="src\Math\Matrix.h">
      <Filter>Source Files\Math</Filter>
    </ClInclude>
    <ClInclude Include="src\Math\Vector.h">
      <Filter>Source Files\Math</Filter>
    </ClInclude>
    <ClInclude Include="src\Math\Test\Test.h">
      <Filter>Source Files\Math\Test</Filter>
    </ClInclude>
    <ClInclude Include="src\Math\Math.h">
      <Filter>Source Files\Math</Filter>
    </ClInclude>
    <ClInclude Include="src\Math\Point.h">
      <Filter>Source Files\Math</Filter>
    </ClInclude>
    <ClInclude Include="src\Object\Object.h">
      <Filter>Source Files\Object</Filter>
    </ClInclude>
    <ClInclude Include="src\Object\Ball.h">
      <Filter>Source Files\Object</Filter>
    </ClInclude>
  </ItemGroup>
</Project>